<Solution>
  <Project Path="e360_clone.BusinessObjects/e360_clone.BusinessObjects.csproj" />
  <Project Path="e360_clone.DataAccess/e360_clone.DataAccess.csproj" />
  <Project Path="e360_clone.Repositories/e360_clone.Repositories.csproj" />
  <Project Path="e360_clone_api/e360_clone.csproj" />
  <Project Path="e360_clone_fe/e360_clone_fe.csproj" />
</Solution>
